
Microsoft Visual Studio Solution File, Format Version 12.00
# Visual Studio Version 17
VisualStudioVersion = 17.6.33723.286
MinimumVisualStudioVersion = 10.0.40219.1
Project("{888888A0-9F3D-457C-B088-3A5042F75D52}") = "DjangoWebProject5", "DjangoWebProject5\DjangoWebProject5.pyproj", "{D21B188A-3DE6-45A0-88FE-789165042A41}"
EndProject
Global
	GlobalSection(SolutionConfigurationPlatforms) = preSolution
		Debug|Any CPU = Debug|Any CPU
		Release|Any CPU = Release|Any CPU
	EndGlobalSection
	GlobalSection(ProjectConfigurationPlatforms) = postSolution
		{D21B188A-3DE6-45A0-88FE-789165042A41}.Debug|Any CPU.ActiveCfg = Debug|Any CPU
		{D21B188A-3DE6-45A0-88FE-789165042A41}.Debug|Any CPU.Build.0 = Debug|Any CPU
		{D21B188A-3DE6-45A0-88FE-789165042A41}.Release|Any CPU.ActiveCfg = Release|Any CPU
		{D21B188A-3DE6-45A0-88FE-789165042A41}.Release|Any CPU.Build.0 = Release|Any CPU
	EndGlobalSection
	GlobalSection(SolutionProperties) = preSolution
		HideSolutionNode = FALSE
	EndGlobalSection
	GlobalSection(ExtensibilityGlobals) = postSolution
		SolutionGuid = {3CE93CF3-DDCA-410C-A376-7CD17CF3F54D}
	EndGlobalSection
EndGlobal
